{
	"name": "@test/incident-list",
	"version": "0.0.1",
	"lockfileVersion": 1,
	"requires": true,
	"dependencies": {
		"@fortawesome/fontawesome-common-types": {
			"version": "0.2.32",
			"resolved": "https://registry.npmjs.org/@fortawesome/fontawesome-common-types/-/fontawesome-common-types-0.2.32.tgz",
			"integrity": "sha512-ux2EDjKMpcdHBVLi/eWZynnPxs0BtFVXJkgHIxXRl+9ZFaHPvYamAfCzeeQFqHRjuJtX90wVnMRaMQAAlctz3w=="
		},
		"@fortawesome/fontawesome-svg-core": {
			"version": "1.2.0",
			"resolved": "https://registry.npmjs.org/@fortawesome/fontawesome-svg-core/-/fontawesome-svg-core-1.2.0.tgz",
			"integrity": "sha512-Wqh3kxcxeFCCLN3LevXJaZiBZ9V8ggOUpcQC+TBIaQIPNtMmUwsghLVpI6ojYKjoIvKi1nyAR9wpOTUVoxl4rA==",
			"requires": {
				"@fortawesome/fontawesome-common-types": "^0.2.0"
			}
		},
		"@servicenow/behavior-fit": {
			"version": "18.4.2",
			"resolved": "https://registry.npmjs.org/@servicenow/behavior-fit/-/behavior-fit-18.4.2.tgz",
			"integrity": "sha512-mKVsNXerUSo4Knqnz05G1Ydrpjpl3zxksQehGIPxPQN2ucjKxh28GjDJXxXWflgfU669xNXd5a+/PPtTF6W6Hg==",
			"requires": {
				"@servicenow/library-enhanced-element": "18.4.2",
				"@servicenow/tool-enhanced-component-archetype": "18.4.2",
				"@servicenow/ui-core": "18.2.5",
				"@servicenow/ui-effect-update-state": "18.2.5",
				"@servicenow/ui-renderer-snabbdom": "18.2.5"
			},
			"dependencies": {
				"@servicenow/ui-core": {
					"version": "18.2.5",
					"resolved": "https://registry.npmjs.org/@servicenow/ui-core/-/ui-core-18.2.5.tgz",
					"integrity": "sha512-Jd7EltAk0qjszZ7MEEzI1kzPqrA6MGVj9wEWvgaNIS1C2diN5HlUkKW2gcV/q/vA7K2HBvl4eKie2KMALloDhg==",
					"requires": {
						"@servicenow/ui-internal": "18.2.5",
						"@servicenow/ui-renderer-default": "18.2.5",
						"@servicenow/ui-types": "18.2.5",
						"immer": "3.1.2"
					}
				},
				"@servicenow/ui-renderer-snabbdom": {
					"version": "18.2.5",
					"resolved": "https://registry.npmjs.org/@servicenow/ui-renderer-snabbdom/-/ui-renderer-snabbdom-18.2.5.tgz",
					"integrity": "sha512-5iPbVF4ubo0XAndyK86Fubn/nveB5ELQvZ4hRwt1qcesE8sbEDC38hpGHt5aZMIN+qkBe2aTcZkyfQAPiQvAQQ==",
					"requires": {
						"@servicenow/ui-internal": "18.2.5",
						"snabbdom": "0.7.1"
					}
				}
			}
		},
		"@servicenow/behavior-focus": {
			"version": "18.4.2",
			"resolved": "https://registry.npmjs.org/@servicenow/behavior-focus/-/behavior-focus-18.4.2.tgz",
			"integrity": "sha512-oX6aXFhtBda9AuWM8Zasna2TP57Uf8xRf2cYoLCjEJButO3e7mximfDtnzhpNME36nrbh6lA2jCPT1uIq5Hmkg==",
			"requires": {
				"@servicenow/library-enhanced-utils": "18.4.2",
				"@servicenow/sass-theme": "18.4.2",
				"@servicenow/tool-enhanced-component-archetype": "18.4.2",
				"@servicenow/ui-core": "18.2.5",
				"@servicenow/ui-renderer-snabbdom": "18.2.5"
			},
			"dependencies": {
				"@servicenow/sass-theme": {
					"version": "18.4.2",
					"resolved": "https://registry.npmjs.org/@servicenow/sass-theme/-/sass-theme-18.4.2.tgz",
					"integrity": "sha512-5WeVMg4/jc+cJQeHb5VswVkbOt2PKeH+KtaK86qrtbEZ7qLUhh1yWcCClu9jT5rNKmMFK6KXckAy8qRCZM2Lkw==",
					"requires": {
						"@servicenow/sass-global": "18.4.2",
						"@servicenow/tool-enhanced-component-archetype": "18.4.2"
					}
				},
				"@servicenow/ui-core": {
					"version": "18.2.5",
					"resolved": "https://registry.npmjs.org/@servicenow/ui-core/-/ui-core-18.2.5.tgz",
					"integrity": "sha512-Jd7EltAk0qjszZ7MEEzI1kzPqrA6MGVj9wEWvgaNIS1C2diN5HlUkKW2gcV/q/vA7K2HBvl4eKie2KMALloDhg==",
					"requires": {
						"@servicenow/ui-internal": "18.2.5",
						"@servicenow/ui-renderer-default": "18.2.5",
						"@servicenow/ui-types": "18.2.5",
						"immer": "3.1.2"
					}
				},
				"@servicenow/ui-renderer-snabbdom": {
					"version": "18.2.5",
					"resolved": "https://registry.npmjs.org/@servicenow/ui-renderer-snabbdom/-/ui-renderer-snabbdom-18.2.5.tgz",
					"integrity": "sha512-5iPbVF4ubo0XAndyK86Fubn/nveB5ELQvZ4hRwt1qcesE8sbEDC38hpGHt5aZMIN+qkBe2aTcZkyfQAPiQvAQQ==",
					"requires": {
						"@servicenow/ui-internal": "18.2.5",
						"snabbdom": "0.7.1"
					}
				}
			}
		},
		"@servicenow/behavior-key-binding": {
			"version": "18.4.2",
			"resolved": "https://registry.npmjs.org/@servicenow/behavior-key-binding/-/behavior-key-binding-18.4.2.tgz",
			"integrity": "sha512-oy9PLSXkvAJbiQS/Ja3G5wHilKidE24HDK87bDEMkgz9Lj/cX1fvNu8QvLWMrdv2o3uJufLuzYBY2duFV/Dr6g==",
			"requires": {
				"@servicenow/library-enhanced-utils": "18.4.2",
				"@servicenow/tool-enhanced-component-archetype": "18.4.2",
				"@servicenow/ui-core": "18.2.5",
				"@servicenow/ui-renderer-snabbdom": "18.2.5"
			},
			"dependencies": {
				"@servicenow/ui-core": {
					"version": "18.2.5",
					"resolved": "https://registry.npmjs.org/@servicenow/ui-core/-/ui-core-18.2.5.tgz",
					"integrity": "sha512-Jd7EltAk0qjszZ7MEEzI1kzPqrA6MGVj9wEWvgaNIS1C2diN5HlUkKW2gcV/q/vA7K2HBvl4eKie2KMALloDhg==",
					"requires": {
						"@servicenow/ui-internal": "18.2.5",
						"@servicenow/ui-renderer-default": "18.2.5",
						"@servicenow/ui-types": "18.2.5",
						"immer": "3.1.2"
					}
				},
				"@servicenow/ui-renderer-snabbdom": {
					"version": "18.2.5",
					"resolved": "https://registry.npmjs.org/@servicenow/ui-renderer-snabbdom/-/ui-renderer-snabbdom-18.2.5.tgz",
					"integrity": "sha512-5iPbVF4ubo0XAndyK86Fubn/nveB5ELQvZ4hRwt1qcesE8sbEDC38hpGHt5aZMIN+qkBe2aTcZkyfQAPiQvAQQ==",
					"requires": {
						"@servicenow/ui-internal": "18.2.5",
						"snabbdom": "0.7.1"
					}
				}
			}
		},
		"@servicenow/behavior-overlay": {
			"version": "18.4.2",
			"resolved": "https://registry.npmjs.org/@servicenow/behavior-overlay/-/behavior-overlay-18.4.2.tgz",
			"integrity": "sha512-DooPxvEr0UOe7mL4VutwC7cOjELW3pVoWqCkTkzLkGYZZi1qKowqLaUuCzFLcqylrLqWuipQdXqB3qXYH7kflA==",
			"requires": {
				"@servicenow/cli-archetype": "18.0.0",
				"@servicenow/cli-component-archetype": "18.0.0",
				"@servicenow/tool-enhanced-component-archetype": "18.4.2"
			},
			"dependencies": {
				"@servicenow/cli-archetype": {
					"version": "18.0.0",
					"resolved": "https://registry.npmjs.org/@servicenow/cli-archetype/-/cli-archetype-18.0.0.tgz",
					"integrity": "sha512-WcI0RJcuoo+JO0/HOFvp00NHb2xiSEpv0gBViV1kETNHDuk4P5qaXbnFen2XhYt4Y2b85yDLhlfq3s5Mense2w=="
				},
				"@servicenow/cli-component-archetype": {
					"version": "18.0.0",
					"resolved": "https://registry.npmjs.org/@servicenow/cli-component-archetype/-/cli-component-archetype-18.0.0.tgz",
					"integrity": "sha512-v9Sr6jBxbjWx7Vro5jOKwHCMtmdT44z2mu4bsaCkE0LRCHdNJUa8T3B1rVPzcw3FfC+39O4odWtnXroZNeo7EA=="
				}
			}
		},
		"@servicenow/behavior-rtl": {
			"version": "18.4.2",
			"resolved": "https://registry.npmjs.org/@servicenow/behavior-rtl/-/behavior-rtl-18.4.2.tgz",
			"integrity": "sha512-DhUO41Bc3tpncdFMZK7zYLLB0sREtx6iAcfxFTO9zRT2KofE7Bjme0BBOC92BGRQiEuiPJgwdOV6p2uo9xXyhw==",
			"requires": {
				"@servicenow/tool-enhanced-component-archetype": "18.4.2",
				"@servicenow/ui-core": "18.2.5",
				"@servicenow/ui-renderer-snabbdom": "18.2.5"
			},
			"dependencies": {
				"@servicenow/ui-core": {
					"version": "18.2.5",
					"resolved": "https://registry.npmjs.org/@servicenow/ui-core/-/ui-core-18.2.5.tgz",
					"integrity": "sha512-Jd7EltAk0qjszZ7MEEzI1kzPqrA6MGVj9wEWvgaNIS1C2diN5HlUkKW2gcV/q/vA7K2HBvl4eKie2KMALloDhg==",
					"requires": {
						"@servicenow/ui-internal": "18.2.5",
						"@servicenow/ui-renderer-default": "18.2.5",
						"@servicenow/ui-types": "18.2.5",
						"immer": "3.1.2"
					}
				},
				"@servicenow/ui-renderer-snabbdom": {
					"version": "18.2.5",
					"resolved": "https://registry.npmjs.org/@servicenow/ui-renderer-snabbdom/-/ui-renderer-snabbdom-18.2.5.tgz",
					"integrity": "sha512-5iPbVF4ubo0XAndyK86Fubn/nveB5ELQvZ4hRwt1qcesE8sbEDC38hpGHt5aZMIN+qkBe2aTcZkyfQAPiQvAQQ==",
					"requires": {
						"@servicenow/ui-internal": "18.2.5",
						"snabbdom": "0.7.1"
					}
				}
			}
		},
		"@servicenow/library-enhanced-element": {
			"version": "18.4.2",
			"resolved": "https://registry.npmjs.org/@servicenow/library-enhanced-element/-/library-enhanced-element-18.4.2.tgz",
			"integrity": "sha512-Rg5g45u6ck65BEW7nq1UbkMHExihWObLwmFFzt/JIq9lqSXB6iBqMi+M1ApkarD0FpueaoPhRDSxjxQNEtLiEg==",
			"requires": {
				"@servicenow/behavior-rtl": "18.4.2",
				"@servicenow/library-enhanced-utils": "18.4.2",
				"@servicenow/tool-enhanced-component-archetype": "18.4.2",
				"@servicenow/ui-core": "18.2.5",
				"@servicenow/ui-effect-update-state": "18.2.5",
				"@servicenow/ui-renderer-snabbdom": "18.2.5"
			},
			"dependencies": {
				"@servicenow/ui-core": {
					"version": "18.2.5",
					"resolved": "https://registry.npmjs.org/@servicenow/ui-core/-/ui-core-18.2.5.tgz",
					"integrity": "sha512-Jd7EltAk0qjszZ7MEEzI1kzPqrA6MGVj9wEWvgaNIS1C2diN5HlUkKW2gcV/q/vA7K2HBvl4eKie2KMALloDhg==",
					"requires": {
						"@servicenow/ui-internal": "18.2.5",
						"@servicenow/ui-renderer-default": "18.2.5",
						"@servicenow/ui-types": "18.2.5",
						"immer": "3.1.2"
					}
				},
				"@servicenow/ui-renderer-snabbdom": {
					"version": "18.2.5",
					"resolved": "https://registry.npmjs.org/@servicenow/ui-renderer-snabbdom/-/ui-renderer-snabbdom-18.2.5.tgz",
					"integrity": "sha512-5iPbVF4ubo0XAndyK86Fubn/nveB5ELQvZ4hRwt1qcesE8sbEDC38hpGHt5aZMIN+qkBe2aTcZkyfQAPiQvAQQ==",
					"requires": {
						"@servicenow/ui-internal": "18.2.5",
						"snabbdom": "0.7.1"
					}
				}
			}
		},
		"@servicenow/library-enhanced-utils": {
			"version": "18.4.2",
			"resolved": "https://registry.npmjs.org/@servicenow/library-enhanced-utils/-/library-enhanced-utils-18.4.2.tgz",
			"integrity": "sha512-aaUabrSGWIhU10SdmYFXm9RmFZLXOAvVmY7chqwFigsJq+EoMroMmGJF3mjYE7RVPDLEeU/N0sUW6JAMLQNDvg==",
			"requires": {
				"@servicenow/cli-archetype": "18.0.0",
				"@servicenow/cli-component-archetype": "18.0.0",
				"@servicenow/tool-enhanced-component-archetype": "18.4.2"
			},
			"dependencies": {
				"@servicenow/cli-archetype": {
					"version": "18.0.0",
					"resolved": "https://registry.npmjs.org/@servicenow/cli-archetype/-/cli-archetype-18.0.0.tgz",
					"integrity": "sha512-WcI0RJcuoo+JO0/HOFvp00NHb2xiSEpv0gBViV1kETNHDuk4P5qaXbnFen2XhYt4Y2b85yDLhlfq3s5Mense2w=="
				},
				"@servicenow/cli-component-archetype": {
					"version": "18.0.0",
					"resolved": "https://registry.npmjs.org/@servicenow/cli-component-archetype/-/cli-component-archetype-18.0.0.tgz",
					"integrity": "sha512-v9Sr6jBxbjWx7Vro5jOKwHCMtmdT44z2mu4bsaCkE0LRCHdNJUa8T3B1rVPzcw3FfC+39O4odWtnXroZNeo7EA=="
				}
			}
		},
		"@servicenow/now-avatar": {
			"version": "18.4.2",
			"resolved": "https://registry.npmjs.org/@servicenow/now-avatar/-/now-avatar-18.4.2.tgz",
			"integrity": "sha512-AyNI2CuYj6lV//7wym5si7Ib8/iv6QFPzIVEo3qTkI4thzozs9jt7DBwhtq0EvArtCKAbFAOpSobVbLgUW2LUw==",
			"requires": {
				"@servicenow/library-enhanced-element": "18.4.2",
				"@servicenow/now-icon": "18.4.2",
				"@servicenow/now-tooltip": "18.4.2",
				"@servicenow/sass-kit": "18.4.2",
				"@servicenow/sass-theme": "18.4.2",
				"@servicenow/sass-utility": "18.4.2",
				"@servicenow/tool-enhanced-component-archetype": "18.4.2",
				"@servicenow/ui-core": "18.2.5",
				"@servicenow/ui-renderer-snabbdom": "18.2.5",
				"@servicenow/ui-testing-helpers": "18.0.0"
			},
			"dependencies": {
				"@servicenow/sass-kit": {
					"version": "18.4.2",
					"resolved": "https://registry.npmjs.org/@servicenow/sass-kit/-/sass-kit-18.4.2.tgz",
					"integrity": "sha512-QfM4GiEN/RnEQYI/PIAp17UpRrGryTWiJGpaIPyj4k4GlcyzI4DM24C+ZGOeJVqGXjI1fm3QJVgU3cqOmVbYEQ==",
					"requires": {
						"@servicenow/sass-generic": "18.4.2",
						"@servicenow/sass-global": "18.4.2",
						"@servicenow/tool-enhanced-component-archetype": "18.4.2"
					}
				},
				"@servicenow/sass-theme": {
					"version": "18.4.2",
					"resolved": "https://registry.npmjs.org/@servicenow/sass-theme/-/sass-theme-18.4.2.tgz",
					"integrity": "sha512-5WeVMg4/jc+cJQeHb5VswVkbOt2PKeH+KtaK86qrtbEZ7qLUhh1yWcCClu9jT5rNKmMFK6KXckAy8qRCZM2Lkw==",
					"requires": {
						"@servicenow/sass-global": "18.4.2",
						"@servicenow/tool-enhanced-component-archetype": "18.4.2"
					}
				},
				"@servicenow/ui-core": {
					"version": "18.2.5",
					"resolved": "https://registry.npmjs.org/@servicenow/ui-core/-/ui-core-18.2.5.tgz",
					"integrity": "sha512-Jd7EltAk0qjszZ7MEEzI1kzPqrA6MGVj9wEWvgaNIS1C2diN5HlUkKW2gcV/q/vA7K2HBvl4eKie2KMALloDhg==",
					"requires": {
						"@servicenow/ui-internal": "18.2.5",
						"@servicenow/ui-renderer-default": "18.2.5",
						"@servicenow/ui-types": "18.2.5",
						"immer": "3.1.2"
					}
				},
				"@servicenow/ui-renderer-snabbdom": {
					"version": "18.2.5",
					"resolved": "https://registry.npmjs.org/@servicenow/ui-renderer-snabbdom/-/ui-renderer-snabbdom-18.2.5.tgz",
					"integrity": "sha512-5iPbVF4ubo0XAndyK86Fubn/nveB5ELQvZ4hRwt1qcesE8sbEDC38hpGHt5aZMIN+qkBe2aTcZkyfQAPiQvAQQ==",
					"requires": {
						"@servicenow/ui-internal": "18.2.5",
						"snabbdom": "0.7.1"
					}
				}
			}
		},
		"@servicenow/now-badge": {
			"version": "18.4.2",
			"resolved": "https://registry.npmjs.org/@servicenow/now-badge/-/now-badge-18.4.2.tgz",
			"integrity": "sha512-xJoYJfmfNGTYrNpK2FeKSTaoaN3ZffkCOtQDfxyhkl4LTIFcwGcBOanPpMHxzHgGgoz4ZH0vMT3J5iUJWnkKug==",
			"requires": {
				"@servicenow/library-enhanced-element": "18.4.2",
				"@servicenow/sass-kit": "18.4.2",
				"@servicenow/sass-theme": "18.4.2",
				"@servicenow/sass-utility": "18.4.2",
				"@servicenow/tool-enhanced-component-archetype": "18.4.2",
				"@servicenow/ui-core": "18.2.5",
				"@servicenow/ui-renderer-snabbdom": "18.2.5",
				"@servicenow/ui-testing-helpers": "18.0.0"
			},
			"dependencies": {
				"@servicenow/sass-kit": {
					"version": "18.4.2",
					"resolved": "https://registry.npmjs.org/@servicenow/sass-kit/-/sass-kit-18.4.2.tgz",
					"integrity": "sha512-QfM4GiEN/RnEQYI/PIAp17UpRrGryTWiJGpaIPyj4k4GlcyzI4DM24C+ZGOeJVqGXjI1fm3QJVgU3cqOmVbYEQ==",
					"requires": {
						"@servicenow/sass-generic": "18.4.2",
						"@servicenow/sass-global": "18.4.2",
						"@servicenow/tool-enhanced-component-archetype": "18.4.2"
					}
				},
				"@servicenow/sass-theme": {
					"version": "18.4.2",
					"resolved": "https://registry.npmjs.org/@servicenow/sass-theme/-/sass-theme-18.4.2.tgz",
					"integrity": "sha512-5WeVMg4/jc+cJQeHb5VswVkbOt2PKeH+KtaK86qrtbEZ7qLUhh1yWcCClu9jT5rNKmMFK6KXckAy8qRCZM2Lkw==",
					"requires": {
						"@servicenow/sass-global": "18.4.2",
						"@servicenow/tool-enhanced-component-archetype": "18.4.2"
					}
				},
				"@servicenow/ui-core": {
					"version": "18.2.5",
					"resolved": "https://registry.npmjs.org/@servicenow/ui-core/-/ui-core-18.2.5.tgz",
					"integrity": "sha512-Jd7EltAk0qjszZ7MEEzI1kzPqrA6MGVj9wEWvgaNIS1C2diN5HlUkKW2gcV/q/vA7K2HBvl4eKie2KMALloDhg==",
					"requires": {
						"@servicenow/ui-internal": "18.2.5",
						"@servicenow/ui-renderer-default": "18.2.5",
						"@servicenow/ui-types": "18.2.5",
						"immer": "3.1.2"
					}
				},
				"@servicenow/ui-renderer-snabbdom": {
					"version": "18.2.5",
					"resolved": "https://registry.npmjs.org/@servicenow/ui-renderer-snabbdom/-/ui-renderer-snabbdom-18.2.5.tgz",
					"integrity": "sha512-5iPbVF4ubo0XAndyK86Fubn/nveB5ELQvZ4hRwt1qcesE8sbEDC38hpGHt5aZMIN+qkBe2aTcZkyfQAPiQvAQQ==",
					"requires": {
						"@servicenow/ui-internal": "18.2.5",
						"snabbdom": "0.7.1"
					}
				}
			}
		},
		"@servicenow/now-button": {
			"version": "18.4.2",
			"resolved": "https://registry.npmjs.org/@servicenow/now-button/-/now-button-18.4.2.tgz",
			"integrity": "sha512-zMQJD8uiV2ND7+TUo3uPRCxE6T+HSL81xQdZsLMsAy0d9xUNPbTyKftk6V7/F9BdYf7Fg+FUlMRrzFDmpKQ6Aw==",
			"requires": {
				"@servicenow/behavior-focus": "18.4.2",
				"@servicenow/behavior-rtl": "18.4.2",
				"@servicenow/library-enhanced-element": "18.4.2",
				"@servicenow/library-enhanced-utils": "18.4.2",
				"@servicenow/now-icon": "18.4.2",
				"@servicenow/now-tooltip": "18.4.2",
				"@servicenow/sass-kit": "18.4.2",
				"@servicenow/sass-theme": "18.4.2",
				"@servicenow/sass-utility": "18.4.2",
				"@servicenow/tool-enhanced-component-archetype": "18.4.2",
				"@servicenow/ui-core": "18.2.5",
				"@servicenow/ui-renderer-snabbdom": "18.2.5",
				"@servicenow/ui-testing-helpers": "18.0.0"
			},
			"dependencies": {
				"@servicenow/sass-kit": {
					"version": "18.4.2",
					"resolved": "https://registry.npmjs.org/@servicenow/sass-kit/-/sass-kit-18.4.2.tgz",
					"integrity": "sha512-QfM4GiEN/RnEQYI/PIAp17UpRrGryTWiJGpaIPyj4k4GlcyzI4DM24C+ZGOeJVqGXjI1fm3QJVgU3cqOmVbYEQ==",
					"requires": {
						"@servicenow/sass-generic": "18.4.2",
						"@servicenow/sass-global": "18.4.2",
						"@servicenow/tool-enhanced-component-archetype": "18.4.2"
					}
				},
				"@servicenow/sass-theme": {
					"version": "18.4.2",
					"resolved": "https://registry.npmjs.org/@servicenow/sass-theme/-/sass-theme-18.4.2.tgz",
					"integrity": "sha512-5WeVMg4/jc+cJQeHb5VswVkbOt2PKeH+KtaK86qrtbEZ7qLUhh1yWcCClu9jT5rNKmMFK6KXckAy8qRCZM2Lkw==",
					"requires": {
						"@servicenow/sass-global": "18.4.2",
						"@servicenow/tool-enhanced-component-archetype": "18.4.2"
					}
				},
				"@servicenow/ui-core": {
					"version": "18.2.5",
					"resolved": "https://registry.npmjs.org/@servicenow/ui-core/-/ui-core-18.2.5.tgz",
					"integrity": "sha512-Jd7EltAk0qjszZ7MEEzI1kzPqrA6MGVj9wEWvgaNIS1C2diN5HlUkKW2gcV/q/vA7K2HBvl4eKie2KMALloDhg==",
					"requires": {
						"@servicenow/ui-internal": "18.2.5",
						"@servicenow/ui-renderer-default": "18.2.5",
						"@servicenow/ui-types": "18.2.5",
						"immer": "3.1.2"
					}
				},
				"@servicenow/ui-renderer-snabbdom": {
					"version": "18.2.5",
					"resolved": "https://registry.npmjs.org/@servicenow/ui-renderer-snabbdom/-/ui-renderer-snabbdom-18.2.5.tgz",
					"integrity": "sha512-5iPbVF4ubo0XAndyK86Fubn/nveB5ELQvZ4hRwt1qcesE8sbEDC38hpGHt5aZMIN+qkBe2aTcZkyfQAPiQvAQQ==",
					"requires": {
						"@servicenow/ui-internal": "18.2.5",
						"snabbdom": "0.7.1"
					}
				}
			}
		},
		"@servicenow/now-card": {
			"version": "18.4.2",
			"resolved": "https://registry.npmjs.org/@servicenow/now-card/-/now-card-18.4.2.tgz",
			"integrity": "sha512-7RmiKInj4fQ/R/QMpgLpsffrubgGJItyMVcEaW6IihtkH14SXu3s5CqkYYwwKWJ4orqEQ8eTolaL0OEEz3w7KA==",
			"requires": {
				"@servicenow/behavior-focus": "18.4.2",
				"@servicenow/behavior-key-binding": "18.4.2",
				"@servicenow/library-enhanced-element": "18.4.2",
				"@servicenow/library-enhanced-utils": "18.4.2",
				"@servicenow/now-avatar": "18.4.2",
				"@servicenow/now-badge": "18.4.2",
				"@servicenow/now-button": "18.4.2",
				"@servicenow/now-dropdown": "18.4.2",
				"@servicenow/now-highlighted-value": "18.4.2",
				"@servicenow/now-icon": "18.4.2",
				"@servicenow/sass-kit": "18.4.2",
				"@servicenow/sass-theme": "18.4.2",
				"@servicenow/sass-utility": "18.4.2",
				"@servicenow/tool-enhanced-component-archetype": "18.4.2",
				"@servicenow/ui-core": "18.2.5",
				"@servicenow/ui-renderer-snabbdom": "18.2.5"
			},
			"dependencies": {
				"@servicenow/sass-kit": {
					"version": "18.4.2",
					"resolved": "https://registry.npmjs.org/@servicenow/sass-kit/-/sass-kit-18.4.2.tgz",
					"integrity": "sha512-QfM4GiEN/RnEQYI/PIAp17UpRrGryTWiJGpaIPyj4k4GlcyzI4DM24C+ZGOeJVqGXjI1fm3QJVgU3cqOmVbYEQ==",
					"requires": {
						"@servicenow/sass-generic": "18.4.2",
						"@servicenow/sass-global": "18.4.2",
						"@servicenow/tool-enhanced-component-archetype": "18.4.2"
					}
				},
				"@servicenow/sass-theme": {
					"version": "18.4.2",
					"resolved": "https://registry.npmjs.org/@servicenow/sass-theme/-/sass-theme-18.4.2.tgz",
					"integrity": "sha512-5WeVMg4/jc+cJQeHb5VswVkbOt2PKeH+KtaK86qrtbEZ7qLUhh1yWcCClu9jT5rNKmMFK6KXckAy8qRCZM2Lkw==",
					"requires": {
						"@servicenow/sass-global": "18.4.2",
						"@servicenow/tool-enhanced-component-archetype": "18.4.2"
					}
				},
				"@servicenow/ui-core": {
					"version": "18.2.5",
					"resolved": "https://registry.npmjs.org/@servicenow/ui-core/-/ui-core-18.2.5.tgz",
					"integrity": "sha512-Jd7EltAk0qjszZ7MEEzI1kzPqrA6MGVj9wEWvgaNIS1C2diN5HlUkKW2gcV/q/vA7K2HBvl4eKie2KMALloDhg==",
					"requires": {
						"@servicenow/ui-internal": "18.2.5",
						"@servicenow/ui-renderer-default": "18.2.5",
						"@servicenow/ui-types": "18.2.5",
						"immer": "3.1.2"
					}
				},
				"@servicenow/ui-renderer-snabbdom": {
					"version": "18.2.5",
					"resolved": "https://registry.npmjs.org/@servicenow/ui-renderer-snabbdom/-/ui-renderer-snabbdom-18.2.5.tgz",
					"integrity": "sha512-5iPbVF4ubo0XAndyK86Fubn/nveB5ELQvZ4hRwt1qcesE8sbEDC38hpGHt5aZMIN+qkBe2aTcZkyfQAPiQvAQQ==",
					"requires": {
						"@servicenow/ui-internal": "18.2.5",
						"snabbdom": "0.7.1"
					}
				}
			}
		},
		"@servicenow/now-dropdown": {
			"version": "18.4.2",
			"resolved": "https://registry.npmjs.org/@servicenow/now-dropdown/-/now-dropdown-18.4.2.tgz",
			"integrity": "sha512-vYTZGtHZN50kovuLcNGdEbybWfiky2uz86jyV9aCEKFMW/+cQTQGzXSkSJfk0keD+SdD/QytpDHcLxbFxuhDHg==",
			"requires": {
				"@servicenow/behavior-fit": "18.4.2",
				"@servicenow/behavior-focus": "18.4.2",
				"@servicenow/behavior-key-binding": "18.4.2",
				"@servicenow/behavior-overlay": "18.4.2",
				"@servicenow/library-enhanced-element": "18.4.2",
				"@servicenow/library-enhanced-utils": "18.4.2",
				"@servicenow/now-avatar": "18.4.2",
				"@servicenow/now-button": "18.4.2",
				"@servicenow/now-icon": "18.4.2",
				"@servicenow/now-legacy-icon": "18.4.2",
				"@servicenow/now-pill": "18.4.2",
				"@servicenow/now-tooltip": "18.4.2",
				"@servicenow/sass-kit": "18.4.2",
				"@servicenow/sass-theme": "18.4.2",
				"@servicenow/sass-utility": "18.4.2",
				"@servicenow/tool-enhanced-component-archetype": "18.4.2",
				"@servicenow/ui-core": "18.2.5",
				"@servicenow/ui-renderer-snabbdom": "18.2.5",
				"@servicenow/ui-testing-helpers": "18.0.0"
			},
			"dependencies": {
				"@servicenow/sass-kit": {
					"version": "18.4.2",
					"resolved": "https://registry.npmjs.org/@servicenow/sass-kit/-/sass-kit-18.4.2.tgz",
					"integrity": "sha512-QfM4GiEN/RnEQYI/PIAp17UpRrGryTWiJGpaIPyj4k4GlcyzI4DM24C+ZGOeJVqGXjI1fm3QJVgU3cqOmVbYEQ==",
					"requires": {
						"@servicenow/sass-generic": "18.4.2",
						"@servicenow/sass-global": "18.4.2",
						"@servicenow/tool-enhanced-component-archetype": "18.4.2"
					}
				},
				"@servicenow/sass-theme": {
					"version": "18.4.2",
					"resolved": "https://registry.npmjs.org/@servicenow/sass-theme/-/sass-theme-18.4.2.tgz",
					"integrity": "sha512-5WeVMg4/jc+cJQeHb5VswVkbOt2PKeH+KtaK86qrtbEZ7qLUhh1yWcCClu9jT5rNKmMFK6KXckAy8qRCZM2Lkw==",
					"requires": {
						"@servicenow/sass-global": "18.4.2",
						"@servicenow/tool-enhanced-component-archetype": "18.4.2"
					}
				},
				"@servicenow/ui-core": {
					"version": "18.2.5",
					"resolved": "https://registry.npmjs.org/@servicenow/ui-core/-/ui-core-18.2.5.tgz",
					"integrity": "sha512-Jd7EltAk0qjszZ7MEEzI1kzPqrA6MGVj9wEWvgaNIS1C2diN5HlUkKW2gcV/q/vA7K2HBvl4eKie2KMALloDhg==",
					"requires": {
						"@servicenow/ui-internal": "18.2.5",
						"@servicenow/ui-renderer-default": "18.2.5",
						"@servicenow/ui-types": "18.2.5",
						"immer": "3.1.2"
					}
				},
				"@servicenow/ui-renderer-snabbdom": {
					"version": "18.2.5",
					"resolved": "https://registry.npmjs.org/@servicenow/ui-renderer-snabbdom/-/ui-renderer-snabbdom-18.2.5.tgz",
					"integrity": "sha512-5iPbVF4ubo0XAndyK86Fubn/nveB5ELQvZ4hRwt1qcesE8sbEDC38hpGHt5aZMIN+qkBe2aTcZkyfQAPiQvAQQ==",
					"requires": {
						"@servicenow/ui-internal": "18.2.5",
						"snabbdom": "0.7.1"
					}
				}
			}
		},
		"@servicenow/now-highlighted-value": {
			"version": "18.4.2",
			"resolved": "https://registry.npmjs.org/@servicenow/now-highlighted-value/-/now-highlighted-value-18.4.2.tgz",
			"integrity": "sha512-/KTuzWH0Faw6A6HAIUsQPaDL64vptr/aLJvBS29Epcg5QBEkVW+CbyXRvEZPKsoeYpoHR8S74jo28Nfy1SH9gg==",
			"requires": {
				"@servicenow/library-enhanced-element": "18.4.2",
				"@servicenow/now-icon": "18.4.2",
				"@servicenow/sass-kit": "18.4.2",
				"@servicenow/sass-theme": "18.4.2",
				"@servicenow/tool-enhanced-component-archetype": "18.4.2",
				"@servicenow/ui-core": "18.2.5",
				"@servicenow/ui-renderer-snabbdom": "18.2.5",
				"@servicenow/ui-testing-helpers": "18.0.0"
			},
			"dependencies": {
				"@servicenow/sass-kit": {
					"version": "18.4.2",
					"resolved": "https://registry.npmjs.org/@servicenow/sass-kit/-/sass-kit-18.4.2.tgz",
					"integrity": "sha512-QfM4GiEN/RnEQYI/PIAp17UpRrGryTWiJGpaIPyj4k4GlcyzI4DM24C+ZGOeJVqGXjI1fm3QJVgU3cqOmVbYEQ==",
					"requires": {
						"@servicenow/sass-generic": "18.4.2",
						"@servicenow/sass-global": "18.4.2",
						"@servicenow/tool-enhanced-component-archetype": "18.4.2"
					}
				},
				"@servicenow/sass-theme": {
					"version": "18.4.2",
					"resolved": "https://registry.npmjs.org/@servicenow/sass-theme/-/sass-theme-18.4.2.tgz",
					"integrity": "sha512-5WeVMg4/jc+cJQeHb5VswVkbOt2PKeH+KtaK86qrtbEZ7qLUhh1yWcCClu9jT5rNKmMFK6KXckAy8qRCZM2Lkw==",
					"requires": {
						"@servicenow/sass-global": "18.4.2",
						"@servicenow/tool-enhanced-component-archetype": "18.4.2"
					}
				},
				"@servicenow/ui-core": {
					"version": "18.2.5",
					"resolved": "https://registry.npmjs.org/@servicenow/ui-core/-/ui-core-18.2.5.tgz",
					"integrity": "sha512-Jd7EltAk0qjszZ7MEEzI1kzPqrA6MGVj9wEWvgaNIS1C2diN5HlUkKW2gcV/q/vA7K2HBvl4eKie2KMALloDhg==",
					"requires": {
						"@servicenow/ui-internal": "18.2.5",
						"@servicenow/ui-renderer-default": "18.2.5",
						"@servicenow/ui-types": "18.2.5",
						"immer": "3.1.2"
					}
				},
				"@servicenow/ui-renderer-snabbdom": {
					"version": "18.2.5",
					"resolved": "https://registry.npmjs.org/@servicenow/ui-renderer-snabbdom/-/ui-renderer-snabbdom-18.2.5.tgz",
					"integrity": "sha512-5iPbVF4ubo0XAndyK86Fubn/nveB5ELQvZ4hRwt1qcesE8sbEDC38hpGHt5aZMIN+qkBe2aTcZkyfQAPiQvAQQ==",
					"requires": {
						"@servicenow/ui-internal": "18.2.5",
						"snabbdom": "0.7.1"
					}
				}
			}
		},
		"@servicenow/now-icon": {
			"version": "18.4.2",
			"resolved": "https://registry.npmjs.org/@servicenow/now-icon/-/now-icon-18.4.2.tgz",
			"integrity": "sha512-m6IrckL/nQnPLduCIkEFbx7ozBWmVadoT93fewz1EV9kD6K9tJJGj8pF/RPpa/WqXiuwqYJhkPF31eCxgXvTxQ==",
			"requires": {
				"@servicenow/library-enhanced-element": "18.4.2",
				"@servicenow/sass-kit": "18.4.2",
				"@servicenow/sass-theme": "18.4.2",
				"@servicenow/tool-enhanced-component-archetype": "18.4.2",
				"@servicenow/ui-core": "18.2.5",
				"@servicenow/ui-renderer-snabbdom": "18.2.5",
				"@servicenow/ui-testing-helpers": "18.0.0"
			},
			"dependencies": {
				"@servicenow/sass-kit": {
					"version": "18.4.2",
					"resolved": "https://registry.npmjs.org/@servicenow/sass-kit/-/sass-kit-18.4.2.tgz",
					"integrity": "sha512-QfM4GiEN/RnEQYI/PIAp17UpRrGryTWiJGpaIPyj4k4GlcyzI4DM24C+ZGOeJVqGXjI1fm3QJVgU3cqOmVbYEQ==",
					"requires": {
						"@servicenow/sass-generic": "18.4.2",
						"@servicenow/sass-global": "18.4.2",
						"@servicenow/tool-enhanced-component-archetype": "18.4.2"
					}
				},
				"@servicenow/sass-theme": {
					"version": "18.4.2",
					"resolved": "https://registry.npmjs.org/@servicenow/sass-theme/-/sass-theme-18.4.2.tgz",
					"integrity": "sha512-5WeVMg4/jc+cJQeHb5VswVkbOt2PKeH+KtaK86qrtbEZ7qLUhh1yWcCClu9jT5rNKmMFK6KXckAy8qRCZM2Lkw==",
					"requires": {
						"@servicenow/sass-global": "18.4.2",
						"@servicenow/tool-enhanced-component-archetype": "18.4.2"
					}
				},
				"@servicenow/ui-core": {
					"version": "18.2.5",
					"resolved": "https://registry.npmjs.org/@servicenow/ui-core/-/ui-core-18.2.5.tgz",
					"integrity": "sha512-Jd7EltAk0qjszZ7MEEzI1kzPqrA6MGVj9wEWvgaNIS1C2diN5HlUkKW2gcV/q/vA7K2HBvl4eKie2KMALloDhg==",
					"requires": {
						"@servicenow/ui-internal": "18.2.5",
						"@servicenow/ui-renderer-default": "18.2.5",
						"@servicenow/ui-types": "18.2.5",
						"immer": "3.1.2"
					}
				},
				"@servicenow/ui-renderer-snabbdom": {
					"version": "18.2.5",
					"resolved": "https://registry.npmjs.org/@servicenow/ui-renderer-snabbdom/-/ui-renderer-snabbdom-18.2.5.tgz",
					"integrity": "sha512-5iPbVF4ubo0XAndyK86Fubn/nveB5ELQvZ4hRwt1qcesE8sbEDC38hpGHt5aZMIN+qkBe2aTcZkyfQAPiQvAQQ==",
					"requires": {
						"@servicenow/ui-internal": "18.2.5",
						"snabbdom": "0.7.1"
					}
				}
			}
		},
		"@servicenow/now-label-value": {
			"version": "18.4.2",
			"resolved": "https://registry.npmjs.org/@servicenow/now-label-value/-/now-label-value-18.4.2.tgz",
			"integrity": "sha512-xgGbWrkdNjwbonQ865b6w45dGGtF9uqtdxVLmlMp6I1IVELJAu8WO403bRagXWCX7ifV1m+pnqIl5Dn1qpcCiQ==",
			"requires": {
				"@servicenow/behavior-focus": "18.4.2",
				"@servicenow/library-enhanced-element": "18.4.2",
				"@servicenow/library-enhanced-utils": "18.4.2",
				"@servicenow/now-highlighted-value": "18.4.2",
				"@servicenow/now-text-link": "18.4.2",
				"@servicenow/sass-kit": "18.4.2",
				"@servicenow/sass-theme": "18.4.2",
				"@servicenow/sass-utility": "18.4.2",
				"@servicenow/tool-enhanced-component-archetype": "18.4.2",
				"@servicenow/ui-core": "18.2.5",
				"@servicenow/ui-renderer-snabbdom": "18.2.5",
				"@servicenow/ui-testing-helpers": "18.0.0"
			},
			"dependencies": {
				"@servicenow/sass-kit": {
					"version": "18.4.2",
					"resolved": "https://registry.npmjs.org/@servicenow/sass-kit/-/sass-kit-18.4.2.tgz",
					"integrity": "sha512-QfM4GiEN/RnEQYI/PIAp17UpRrGryTWiJGpaIPyj4k4GlcyzI4DM24C+ZGOeJVqGXjI1fm3QJVgU3cqOmVbYEQ==",
					"requires": {
						"@servicenow/sass-generic": "18.4.2",
						"@servicenow/sass-global": "18.4.2",
						"@servicenow/tool-enhanced-component-archetype": "18.4.2"
					}
				},
				"@servicenow/sass-theme": {
					"version": "18.4.2",
					"resolved": "https://registry.npmjs.org/@servicenow/sass-theme/-/sass-theme-18.4.2.tgz",
					"integrity": "sha512-5WeVMg4/jc+cJQeHb5VswVkbOt2PKeH+KtaK86qrtbEZ7qLUhh1yWcCClu9jT5rNKmMFK6KXckAy8qRCZM2Lkw==",
					"requires": {
						"@servicenow/sass-global": "18.4.2",
						"@servicenow/tool-enhanced-component-archetype": "18.4.2"
					}
				},
				"@servicenow/ui-core": {
					"version": "18.2.5",
					"resolved": "https://registry.npmjs.org/@servicenow/ui-core/-/ui-core-18.2.5.tgz",
					"integrity": "sha512-Jd7EltAk0qjszZ7MEEzI1kzPqrA6MGVj9wEWvgaNIS1C2diN5HlUkKW2gcV/q/vA7K2HBvl4eKie2KMALloDhg==",
					"requires": {
						"@servicenow/ui-internal": "18.2.5",
						"@servicenow/ui-renderer-default": "18.2.5",
						"@servicenow/ui-types": "18.2.5",
						"immer": "3.1.2"
					}
				},
				"@servicenow/ui-renderer-snabbdom": {
					"version": "18.2.5",
					"resolved": "https://registry.npmjs.org/@servicenow/ui-renderer-snabbdom/-/ui-renderer-snabbdom-18.2.5.tgz",
					"integrity": "sha512-5iPbVF4ubo0XAndyK86Fubn/nveB5ELQvZ4hRwt1qcesE8sbEDC38hpGHt5aZMIN+qkBe2aTcZkyfQAPiQvAQQ==",
					"requires": {
						"@servicenow/ui-internal": "18.2.5",
						"snabbdom": "0.7.1"
					}
				}
			}
		},
		"@servicenow/now-legacy-icon": {
			"version": "18.4.2",
			"resolved": "https://registry.npmjs.org/@servicenow/now-legacy-icon/-/now-legacy-icon-18.4.2.tgz",
			"integrity": "sha512-vVixGHt9CipD/u1mO3guU8Pzg/4yV0kNml8R1KBCLhc5PfCbLZVPyJtyOVl/pIkSzLfK/r9J11bmJpy2eF+X4Q==",
			"requires": {
				"@fortawesome/fontawesome-svg-core": "1.2.0",
				"@servicenow/library-enhanced-element": "18.4.2",
				"@servicenow/sass-kit": "18.4.2",
				"@servicenow/sass-theme": "18.4.2",
				"@servicenow/tool-enhanced-component-archetype": "18.4.2",
				"@servicenow/ui-core": "18.2.5",
				"@servicenow/ui-renderer-snabbdom": "18.2.5",
				"@servicenow/ui-testing-helpers": "18.0.0"
			},
			"dependencies": {
				"@servicenow/sass-kit": {
					"version": "18.4.2",
					"resolved": "https://registry.npmjs.org/@servicenow/sass-kit/-/sass-kit-18.4.2.tgz",
					"integrity": "sha512-QfM4GiEN/RnEQYI/PIAp17UpRrGryTWiJGpaIPyj4k4GlcyzI4DM24C+ZGOeJVqGXjI1fm3QJVgU3cqOmVbYEQ==",
					"requires": {
						"@servicenow/sass-generic": "18.4.2",
						"@servicenow/sass-global": "18.4.2",
						"@servicenow/tool-enhanced-component-archetype": "18.4.2"
					}
				},
				"@servicenow/sass-theme": {
					"version": "18.4.2",
					"resolved": "https://registry.npmjs.org/@servicenow/sass-theme/-/sass-theme-18.4.2.tgz",
					"integrity": "sha512-5WeVMg4/jc+cJQeHb5VswVkbOt2PKeH+KtaK86qrtbEZ7qLUhh1yWcCClu9jT5rNKmMFK6KXckAy8qRCZM2Lkw==",
					"requires": {
						"@servicenow/sass-global": "18.4.2",
						"@servicenow/tool-enhanced-component-archetype": "18.4.2"
					}
				},
				"@servicenow/ui-core": {
					"version": "18.2.5",
					"resolved": "https://registry.npmjs.org/@servicenow/ui-core/-/ui-core-18.2.5.tgz",
					"integrity": "sha512-Jd7EltAk0qjszZ7MEEzI1kzPqrA6MGVj9wEWvgaNIS1C2diN5HlUkKW2gcV/q/vA7K2HBvl4eKie2KMALloDhg==",
					"requires": {
						"@servicenow/ui-internal": "18.2.5",
						"@servicenow/ui-renderer-default": "18.2.5",
						"@servicenow/ui-types": "18.2.5",
						"immer": "3.1.2"
					}
				},
				"@servicenow/ui-renderer-snabbdom": {
					"version": "18.2.5",
					"resolved": "https://registry.npmjs.org/@servicenow/ui-renderer-snabbdom/-/ui-renderer-snabbdom-18.2.5.tgz",
					"integrity": "sha512-5iPbVF4ubo0XAndyK86Fubn/nveB5ELQvZ4hRwt1qcesE8sbEDC38hpGHt5aZMIN+qkBe2aTcZkyfQAPiQvAQQ==",
					"requires": {
						"@servicenow/ui-internal": "18.2.5",
						"snabbdom": "0.7.1"
					}
				}
			}
		},
		"@servicenow/now-pill": {
			"version": "18.4.2",
			"resolved": "https://registry.npmjs.org/@servicenow/now-pill/-/now-pill-18.4.2.tgz",
			"integrity": "sha512-I+AV4bcdfMTyrPA+DnT33eA+9gkQ0B8Z2/MIKnabJu26AFibEd17pVPyootxf1tV3AEAiiqMjcCbn8TrUu3wbw==",
			"requires": {
				"@servicenow/behavior-focus": "18.4.2",
				"@servicenow/library-enhanced-element": "18.4.2",
				"@servicenow/library-enhanced-utils": "18.4.2",
				"@servicenow/now-avatar": "18.4.2",
				"@servicenow/now-icon": "18.4.2",
				"@servicenow/sass-kit": "18.4.2",
				"@servicenow/sass-theme": "18.4.2",
				"@servicenow/tool-enhanced-component-archetype": "18.4.2",
				"@servicenow/ui-core": "18.2.5",
				"@servicenow/ui-renderer-snabbdom": "18.2.5",
				"@servicenow/ui-testing-helpers": "18.0.0"
			},
			"dependencies": {
				"@servicenow/sass-kit": {
					"version": "18.4.2",
					"resolved": "https://registry.npmjs.org/@servicenow/sass-kit/-/sass-kit-18.4.2.tgz",
					"integrity": "sha512-QfM4GiEN/RnEQYI/PIAp17UpRrGryTWiJGpaIPyj4k4GlcyzI4DM24C+ZGOeJVqGXjI1fm3QJVgU3cqOmVbYEQ==",
					"requires": {
						"@servicenow/sass-generic": "18.4.2",
						"@servicenow/sass-global": "18.4.2",
						"@servicenow/tool-enhanced-component-archetype": "18.4.2"
					}
				},
				"@servicenow/sass-theme": {
					"version": "18.4.2",
					"resolved": "https://registry.npmjs.org/@servicenow/sass-theme/-/sass-theme-18.4.2.tgz",
					"integrity": "sha512-5WeVMg4/jc+cJQeHb5VswVkbOt2PKeH+KtaK86qrtbEZ7qLUhh1yWcCClu9jT5rNKmMFK6KXckAy8qRCZM2Lkw==",
					"requires": {
						"@servicenow/sass-global": "18.4.2",
						"@servicenow/tool-enhanced-component-archetype": "18.4.2"
					}
				},
				"@servicenow/ui-core": {
					"version": "18.2.5",
					"resolved": "https://registry.npmjs.org/@servicenow/ui-core/-/ui-core-18.2.5.tgz",
					"integrity": "sha512-Jd7EltAk0qjszZ7MEEzI1kzPqrA6MGVj9wEWvgaNIS1C2diN5HlUkKW2gcV/q/vA7K2HBvl4eKie2KMALloDhg==",
					"requires": {
						"@servicenow/ui-internal": "18.2.5",
						"@servicenow/ui-renderer-default": "18.2.5",
						"@servicenow/ui-types": "18.2.5",
						"immer": "3.1.2"
					}
				},
				"@servicenow/ui-renderer-snabbdom": {
					"version": "18.2.5",
					"resolved": "https://registry.npmjs.org/@servicenow/ui-renderer-snabbdom/-/ui-renderer-snabbdom-18.2.5.tgz",
					"integrity": "sha512-5iPbVF4ubo0XAndyK86Fubn/nveB5ELQvZ4hRwt1qcesE8sbEDC38hpGHt5aZMIN+qkBe2aTcZkyfQAPiQvAQQ==",
					"requires": {
						"@servicenow/ui-internal": "18.2.5",
						"snabbdom": "0.7.1"
					}
				}
			}
		},
		"@servicenow/now-template-card": {
			"version": "18.4.2",
			"resolved": "https://registry.npmjs.org/@servicenow/now-template-card/-/now-template-card-18.4.2.tgz",
			"integrity": "sha512-bI+jLzPzG5xQ+igVdFqyx/GLo0seOiSUPcR59QzdQY1swmeJiiYkpnOynHJFA23kxm15mV61VFDSWpMzTY23Rg==",
			"requires": {
				"@servicenow/behavior-focus": "18.4.2",
				"@servicenow/behavior-key-binding": "18.4.2",
				"@servicenow/library-enhanced-element": "18.4.2",
				"@servicenow/library-enhanced-utils": "18.4.2",
				"@servicenow/now-card": "18.4.2",
				"@servicenow/now-dropdown": "18.4.2",
				"@servicenow/now-icon": "18.4.2",
				"@servicenow/now-label-value": "18.4.2",
				"@servicenow/sass-kit": "18.4.2",
				"@servicenow/sass-theme": "18.4.2",
				"@servicenow/sass-utility": "18.4.2",
				"@servicenow/tool-enhanced-component-archetype": "18.4.2",
				"@servicenow/ui-core": "18.2.5",
				"@servicenow/ui-renderer-snabbdom": "18.2.5"
			},
			"dependencies": {
				"@servicenow/sass-kit": {
					"version": "18.4.2",
					"resolved": "https://registry.npmjs.org/@servicenow/sass-kit/-/sass-kit-18.4.2.tgz",
					"integrity": "sha512-QfM4GiEN/RnEQYI/PIAp17UpRrGryTWiJGpaIPyj4k4GlcyzI4DM24C+ZGOeJVqGXjI1fm3QJVgU3cqOmVbYEQ==",
					"requires": {
						"@servicenow/sass-generic": "18.4.2",
						"@servicenow/sass-global": "18.4.2",
						"@servicenow/tool-enhanced-component-archetype": "18.4.2"
					}
				},
				"@servicenow/sass-theme": {
					"version": "18.4.2",
					"resolved": "https://registry.npmjs.org/@servicenow/sass-theme/-/sass-theme-18.4.2.tgz",
					"integrity": "sha512-5WeVMg4/jc+cJQeHb5VswVkbOt2PKeH+KtaK86qrtbEZ7qLUhh1yWcCClu9jT5rNKmMFK6KXckAy8qRCZM2Lkw==",
					"requires": {
						"@servicenow/sass-global": "18.4.2",
						"@servicenow/tool-enhanced-component-archetype": "18.4.2"
					}
				},
				"@servicenow/ui-core": {
					"version": "18.2.5",
					"resolved": "https://registry.npmjs.org/@servicenow/ui-core/-/ui-core-18.2.5.tgz",
					"integrity": "sha512-Jd7EltAk0qjszZ7MEEzI1kzPqrA6MGVj9wEWvgaNIS1C2diN5HlUkKW2gcV/q/vA7K2HBvl4eKie2KMALloDhg==",
					"requires": {
						"@servicenow/ui-internal": "18.2.5",
						"@servicenow/ui-renderer-default": "18.2.5",
						"@servicenow/ui-types": "18.2.5",
						"immer": "3.1.2"
					}
				},
				"@servicenow/ui-renderer-snabbdom": {
					"version": "18.2.5",
					"resolved": "https://registry.npmjs.org/@servicenow/ui-renderer-snabbdom/-/ui-renderer-snabbdom-18.2.5.tgz",
					"integrity": "sha512-5iPbVF4ubo0XAndyK86Fubn/nveB5ELQvZ4hRwt1qcesE8sbEDC38hpGHt5aZMIN+qkBe2aTcZkyfQAPiQvAQQ==",
					"requires": {
						"@servicenow/ui-internal": "18.2.5",
						"snabbdom": "0.7.1"
					}
				}
			}
		},
		"@servicenow/now-text-link": {
			"version": "18.4.2",
			"resolved": "https://registry.npmjs.org/@servicenow/now-text-link/-/now-text-link-18.4.2.tgz",
			"integrity": "sha512-atNOTN+mZnjwYQfW7HXIDrZR5ME+hPEPUd8P9ZL2th8c3IhIH/h82ThuUTe2oPfNWApL+++I3X7//9lnJUe9lA==",
			"requires": {
				"@servicenow/behavior-focus": "18.4.2",
				"@servicenow/library-enhanced-element": "18.4.2",
				"@servicenow/library-enhanced-utils": "18.4.2",
				"@servicenow/sass-kit": "18.4.2",
				"@servicenow/sass-theme": "18.4.2",
				"@servicenow/tool-enhanced-component-archetype": "18.4.2",
				"@servicenow/ui-core": "18.2.5",
				"@servicenow/ui-renderer-snabbdom": "18.2.5",
				"@servicenow/ui-testing-helpers": "18.0.0"
			},
			"dependencies": {
				"@servicenow/sass-kit": {
					"version": "18.4.2",
					"resolved": "https://registry.npmjs.org/@servicenow/sass-kit/-/sass-kit-18.4.2.tgz",
					"integrity": "sha512-QfM4GiEN/RnEQYI/PIAp17UpRrGryTWiJGpaIPyj4k4GlcyzI4DM24C+ZGOeJVqGXjI1fm3QJVgU3cqOmVbYEQ==",
					"requires": {
						"@servicenow/sass-generic": "18.4.2",
						"@servicenow/sass-global": "18.4.2",
						"@servicenow/tool-enhanced-component-archetype": "18.4.2"
					}
				},
				"@servicenow/sass-theme": {
					"version": "18.4.2",
					"resolved": "https://registry.npmjs.org/@servicenow/sass-theme/-/sass-theme-18.4.2.tgz",
					"integrity": "sha512-5WeVMg4/jc+cJQeHb5VswVkbOt2PKeH+KtaK86qrtbEZ7qLUhh1yWcCClu9jT5rNKmMFK6KXckAy8qRCZM2Lkw==",
					"requires": {
						"@servicenow/sass-global": "18.4.2",
						"@servicenow/tool-enhanced-component-archetype": "18.4.2"
					}
				},
				"@servicenow/ui-core": {
					"version": "18.2.5",
					"resolved": "https://registry.npmjs.org/@servicenow/ui-core/-/ui-core-18.2.5.tgz",
					"integrity": "sha512-Jd7EltAk0qjszZ7MEEzI1kzPqrA6MGVj9wEWvgaNIS1C2diN5HlUkKW2gcV/q/vA7K2HBvl4eKie2KMALloDhg==",
					"requires": {
						"@servicenow/ui-internal": "18.2.5",
						"@servicenow/ui-renderer-default": "18.2.5",
						"@servicenow/ui-types": "18.2.5",
						"immer": "3.1.2"
					}
				},
				"@servicenow/ui-renderer-snabbdom": {
					"version": "18.2.5",
					"resolved": "https://registry.npmjs.org/@servicenow/ui-renderer-snabbdom/-/ui-renderer-snabbdom-18.2.5.tgz",
					"integrity": "sha512-5iPbVF4ubo0XAndyK86Fubn/nveB5ELQvZ4hRwt1qcesE8sbEDC38hpGHt5aZMIN+qkBe2aTcZkyfQAPiQvAQQ==",
					"requires": {
						"@servicenow/ui-internal": "18.2.5",
						"snabbdom": "0.7.1"
					}
				}
			}
		},
		"@servicenow/now-tooltip": {
			"version": "18.4.2",
			"resolved": "https://registry.npmjs.org/@servicenow/now-tooltip/-/now-tooltip-18.4.2.tgz",
			"integrity": "sha512-gzZECV9QD4ZAUSIekaW9v3iGLRbc/kgROO8F2P/eGGm+vjG8Pf7khtUJ/Ae4TAynR2s98rJnTy1Esk6/E3fAvw==",
			"requires": {
				"@servicenow/behavior-fit": "18.4.2",
				"@servicenow/library-enhanced-element": "18.4.2",
				"@servicenow/sass-kit": "18.4.2",
				"@servicenow/sass-theme": "18.4.2",
				"@servicenow/sass-utility": "18.4.2",
				"@servicenow/tool-enhanced-component-archetype": "18.4.2",
				"@servicenow/ui-core": "18.2.5",
				"@servicenow/ui-renderer-snabbdom": "18.2.5",
				"@servicenow/ui-testing-helpers": "18.0.0"
			},
			"dependencies": {
				"@servicenow/sass-kit": {
					"version": "18.4.2",
					"resolved": "https://registry.npmjs.org/@servicenow/sass-kit/-/sass-kit-18.4.2.tgz",
					"integrity": "sha512-QfM4GiEN/RnEQYI/PIAp17UpRrGryTWiJGpaIPyj4k4GlcyzI4DM24C+ZGOeJVqGXjI1fm3QJVgU3cqOmVbYEQ==",
					"requires": {
						"@servicenow/sass-generic": "18.4.2",
						"@servicenow/sass-global": "18.4.2",
						"@servicenow/tool-enhanced-component-archetype": "18.4.2"
					}
				},
				"@servicenow/sass-theme": {
					"version": "18.4.2",
					"resolved": "https://registry.npmjs.org/@servicenow/sass-theme/-/sass-theme-18.4.2.tgz",
					"integrity": "sha512-5WeVMg4/jc+cJQeHb5VswVkbOt2PKeH+KtaK86qrtbEZ7qLUhh1yWcCClu9jT5rNKmMFK6KXckAy8qRCZM2Lkw==",
					"requires": {
						"@servicenow/sass-global": "18.4.2",
						"@servicenow/tool-enhanced-component-archetype": "18.4.2"
					}
				},
				"@servicenow/ui-core": {
					"version": "18.2.5",
					"resolved": "https://registry.npmjs.org/@servicenow/ui-core/-/ui-core-18.2.5.tgz",
					"integrity": "sha512-Jd7EltAk0qjszZ7MEEzI1kzPqrA6MGVj9wEWvgaNIS1C2diN5HlUkKW2gcV/q/vA7K2HBvl4eKie2KMALloDhg==",
					"requires": {
						"@servicenow/ui-internal": "18.2.5",
						"@servicenow/ui-renderer-default": "18.2.5",
						"@servicenow/ui-types": "18.2.5",
						"immer": "3.1.2"
					}
				},
				"@servicenow/ui-renderer-snabbdom": {
					"version": "18.2.5",
					"resolved": "https://registry.npmjs.org/@servicenow/ui-renderer-snabbdom/-/ui-renderer-snabbdom-18.2.5.tgz",
					"integrity": "sha512-5iPbVF4ubo0XAndyK86Fubn/nveB5ELQvZ4hRwt1qcesE8sbEDC38hpGHt5aZMIN+qkBe2aTcZkyfQAPiQvAQQ==",
					"requires": {
						"@servicenow/ui-internal": "18.2.5",
						"snabbdom": "0.7.1"
					}
				}
			}
		},
		"@servicenow/sass-generic": {
			"version": "18.4.2",
			"resolved": "https://registry.npmjs.org/@servicenow/sass-generic/-/sass-generic-18.4.2.tgz",
			"integrity": "sha512-uowYL8nW+g+wwGYqZdIOXYNtzR8jvOf/dRSGETYVn8WJDMQiioh5qc8zUnXowLiQ/Ox5o6OCfYx1C5RM4JtKdw==",
			"requires": {
				"@servicenow/sass-utility": "18.4.2",
				"@servicenow/tool-enhanced-component-archetype": "18.4.2"
			}
		},
		"@servicenow/sass-global": {
			"version": "18.4.2",
			"resolved": "https://registry.npmjs.org/@servicenow/sass-global/-/sass-global-18.4.2.tgz",
			"integrity": "sha512-Jo8y+AIGg+IYPep2CEy5geXoaieFM/oJO/8+VFm4cpQqnIcI0KPkvJ8/6Qa535iH0gGEjCP06W4Ayt9F+wVfzA==",
			"requires": {
				"@servicenow/tool-enhanced-component-archetype": "18.4.2"
			}
		},
		"@servicenow/sass-utility": {
			"version": "18.4.2",
			"resolved": "https://registry.npmjs.org/@servicenow/sass-utility/-/sass-utility-18.4.2.tgz",
			"integrity": "sha512-h7AILtg3TNHzk8T+P/23ggkHMwSamFAMSmy9cucVUzlzWkDRLY04f2a4T5UUV/mSy5ZIJvQ9T35csLSGBdMscg==",
			"requires": {
				"@servicenow/tool-enhanced-component-archetype": "18.4.2"
			}
		},
		"@servicenow/tool-enhanced-component-archetype": {
			"version": "18.4.2",
			"resolved": "https://registry.npmjs.org/@servicenow/tool-enhanced-component-archetype/-/tool-enhanced-component-archetype-18.4.2.tgz",
			"integrity": "sha512-kwKvvJfnyZuNLSjgAp+r75iIspLWc1RenmGBHwT5yMdW8q635EL7N2QMrsXxYcoP9mbPZoV8yjpziS/8DHzSRg=="
		},
		"@servicenow/ui-effect-update-state": {
			"version": "18.2.5",
			"resolved": "https://registry.npmjs.org/@servicenow/ui-effect-update-state/-/ui-effect-update-state-18.2.5.tgz",
			"integrity": "sha512-uY2XyPpH+KZtqtxsgsRnZowUZEuAztWfvV4OOyOnAUUvdhCvQO00DTtJcjozLwvInzsZKrZmArX/ULp0iSuhAg==",
			"requires": {
				"@servicenow/ui-internal": "18.2.5"
			}
		},
		"@servicenow/ui-internal": {
			"version": "18.2.5",
			"resolved": "https://registry.npmjs.org/@servicenow/ui-internal/-/ui-internal-18.2.5.tgz",
			"integrity": "sha512-i3e3AfQMZadz8zd9Vnr358DzHLCHa1kyfSCApGGZsYGhcMazf3mUaOtLzLqq/+FCMKGgXdzv82/nbAY0hjb92w=="
		},
		"@servicenow/ui-renderer-default": {
			"version": "18.2.5",
			"resolved": "https://registry.npmjs.org/@servicenow/ui-renderer-default/-/ui-renderer-default-18.2.5.tgz",
			"integrity": "sha512-RF3kSaTjBlF2fWcUGIDeO3TrYyZ4cNANmHyIti5OdjVeJa4YSkWqXBoi/Hlf9psrgIVwQe6CNf/TkkUga2La/Q==",
			"requires": {
				"@servicenow/ui-renderer-snabbdom": "18.2.5"
			},
			"dependencies": {
				"@servicenow/ui-renderer-snabbdom": {
					"version": "18.2.5",
					"resolved": "https://registry.npmjs.org/@servicenow/ui-renderer-snabbdom/-/ui-renderer-snabbdom-18.2.5.tgz",
					"integrity": "sha512-5iPbVF4ubo0XAndyK86Fubn/nveB5ELQvZ4hRwt1qcesE8sbEDC38hpGHt5aZMIN+qkBe2aTcZkyfQAPiQvAQQ==",
					"requires": {
						"@servicenow/ui-internal": "18.2.5",
						"snabbdom": "0.7.1"
					}
				}
			}
		},
		"@servicenow/ui-testing-helpers": {
			"version": "18.0.0",
			"resolved": "https://registry.npmjs.org/@servicenow/ui-testing-helpers/-/ui-testing-helpers-18.0.0.tgz",
			"integrity": "sha512-JYrb54E7Y+BNrXEcT+zr/h68pGtQqvZw9OmD+RGQ64LT29dcKeUSt3Z9oLWCm+/hIE6yA+oL6oIRTdOCKAjnQw==",
			"requires": {
				"lodash": "4.17.14"
			}
		},
		"@servicenow/ui-types": {
			"version": "18.2.5",
			"resolved": "https://registry.npmjs.org/@servicenow/ui-types/-/ui-types-18.2.5.tgz",
			"integrity": "sha512-bnZbzzGbRj79nqsyoX9khhsTpK94p62txrmr5CkpxNSs7uNy6PCR5GQJaTX0vVXNg4w8JBnhIGvDpUXMkPoieg==",
			"requires": {
				"@servicenow/ui-internal": "18.2.5",
				"ajv": "6.10.2"
			}
		},
		"ajv": {
			"version": "6.10.2",
			"resolved": "https://registry.npmjs.org/ajv/-/ajv-6.10.2.tgz",
			"integrity": "sha512-TXtUUEYHuaTEbLZWIKUr5pmBuhDLy+8KYtPYdcV8qC+pOZL+NKqYwvWSRrVXHn+ZmRRAu8vJTAznH7Oag6RVRw==",
			"requires": {
				"fast-deep-equal": "^2.0.1",
				"fast-json-stable-stringify": "^2.0.0",
				"json-schema-traverse": "^0.4.1",
				"uri-js": "^4.2.2"
			}
		},
		"fast-deep-equal": {
			"version": "2.0.1",
			"resolved": "https://registry.npmjs.org/fast-deep-equal/-/fast-deep-equal-2.0.1.tgz",
			"integrity": "sha1-ewUhjd+WZ79/Nwv3/bLLFf3Qqkk="
		},
		"fast-json-stable-stringify": {
			"version": "2.1.0",
			"resolved": "https://registry.npmjs.org/fast-json-stable-stringify/-/fast-json-stable-stringify-2.1.0.tgz",
			"integrity": "sha512-lhd/wF+Lk98HZoTCtlVraHtfh5XYijIjalXck7saUtuanSDyLMxnHhSXEDJqHxD7msR8D0uCmqlkwjCV8xvwHw=="
		},
		"immer": {
			"version": "3.1.2",
			"resolved": "https://registry.npmjs.org/immer/-/immer-3.1.2.tgz",
			"integrity": "sha512-pi8JuvJ9c+98DlpDms/o0YLLg5khP8Qzjd8CtIGc4qVm2eoLdQGivJL266nWccofKT/oBSxnhAh/o+nmOXtLXw=="
		},
		"json-schema-traverse": {
			"version": "0.4.1",
			"resolved": "https://registry.npmjs.org/json-schema-traverse/-/json-schema-traverse-0.4.1.tgz",
			"integrity": "sha512-xbbCH5dCYU5T8LcEhhuh7HJ88HXuW3qsI3Y0zOZFKfZEHcpWiHU/Jxzk629Brsab/mMiHQti9wMP+845RPe3Vg=="
		},
		"lodash": {
			"version": "4.17.14",
			"resolved": "https://registry.npmjs.org/lodash/-/lodash-4.17.14.tgz",
			"integrity": "sha512-mmKYbW3GLuJeX+iGP+Y7Gp1AiGHGbXHCOh/jZmrawMmsE7MS4znI3RL2FsjbqOyMayHInjOeykW7PEajUk1/xw=="
		},
		"punycode": {
			"version": "2.1.1",
			"resolved": "https://registry.npmjs.org/punycode/-/punycode-2.1.1.tgz",
			"integrity": "sha512-XRsRjdf+j5ml+y/6GKHPZbrF/8p2Yga0JPtdqTIY2Xe5ohJPD9saDJJLPvp9+NSBprVvevdXZybnj2cv8OEd0A=="
		},
		"snabbdom": {
			"version": "0.7.1",
			"resolved": "https://registry.npmjs.org/snabbdom/-/snabbdom-0.7.1.tgz",
			"integrity": "sha512-uIOCq6rfkBZg2VdSopy9jL0cIOdrkHCcwOjDsLnjef6Z5oPoD8V7nKI8de4gP5GfvyqLY0RBDJP8LVU19Nsw5Q=="
		},
		"uri-js": {
			"version": "4.4.0",
			"resolved": "https://registry.npmjs.org/uri-js/-/uri-js-4.4.0.tgz",
			"integrity": "sha512-B0yRTzYdUCCn9n+F4+Gh4yIDtMQcaJsmYBDsTSG8g/OejKBodLQ2IHfN3bM7jUsRXndopT7OIXWdYqc1fjmV6g==",
			"requires": {
				"punycode": "^2.1.0"
			}
		}
	}
}
